
Microsoft Visual Studio Solution File, Format Version 12.00
# Visual Studio Version 16
VisualStudioVersion = 16.0.29806.167
MinimumVisualStudioVersion = 10.0.40219.1
Project("{9A19103F-16F7-4668-BE54-9A1E7A4F7556}") = "Generator", "Generator\Generator.csproj", "{FD4FD15E-C841-4F45-A37C-621FE1AF95C7}"
	ProjectSection(ProjectDependencies) = postProject
		{2981602B-7CA8-4180-A2EE-17B7004C1C7C} = {2981602B-7CA8-4180-A2EE-17B7004C1C7C}
	EndProjectSection
EndProject
Project("{9A19103F-16F7-4668-BE54-9A1E7A4F7556}") = "GenericCommandLineArgumentParser", "GenericCommandLineArgumentParser\GenericCommandLineArgumentParser.csproj", "{2981602B-7CA8-4180-A2EE-17B7004C1C7C}"
EndProject
Project("{9A19103F-16F7-4668-BE54-9A1E7A4F7556}") = "GeneratorUnitTest", "GeneratorUnitTest\GeneratorUnitTest.csproj", "{E2567FCA-C76B-4CB6-B784-069512E0DFE3}"
EndProject
Project("{9A19103F-16F7-4668-BE54-9A1E7A4F7556}") = "GenericCommandLineArgumentParserUnitTests", "GenericCommandLineArgumentParserUnitTests\GenericCommandLineArgumentParserUnitTests.csproj", "{CE8AAF96-2BBC-41B1-95AF-D8F276D0930A}"
EndProject
Project("{9A19103F-16F7-4668-BE54-9A1E7A4F7556}") = "TestUtil", "TestUtil\TestUtil.csproj", "{C5E7BB9B-33E6-4EF8-8428-039B0B44B122}"
EndProject
Project("{2150E333-8FDC-42A3-9474-1A3956D46DE8}") = "Solution Items", "Solution Items", "{EBC754E7-BE7E-4510-B66D-7771D2D182C6}"
	ProjectSection(SolutionItems) = preProject
		.editorconfig = .editorconfig
	EndProjectSection
EndProject
Project("{9A19103F-16F7-4668-BE54-9A1E7A4F7556}") = "EasyToUseGenerator", "EasyToUseGenerator\EasyToUseGenerator.csproj", "{9070C6E0-1A41-4EF7-AE88-55A745BC243A}"
EndProject
Project("{9A19103F-16F7-4668-BE54-9A1E7A4F7556}") = "CommonGeneratorCode", "CommonGeneratorCode\CommonGeneratorCode.csproj", "{B4D68CDC-DD3D-476C-A855-EE387568AA32}"
EndProject
Project("{2150E333-8FDC-42A3-9474-1A3956D46DE8}") = "Tests", "Tests", "{050BD34D-2BB0-49AE-B895-3FC8650BDAB9}"
EndProject
Project("{2150E333-8FDC-42A3-9474-1A3956D46DE8}") = "ProductCode", "ProductCode", "{D9B76D5E-9075-4AF2-802A-E6AEA290C4E3}"
EndProject
Project("{9A19103F-16F7-4668-BE54-9A1E7A4F7556}") = "CommonGeneratorCodeUnitTests", "CommonGeneratorCodeUnitTests\CommonGeneratorCodeUnitTests.csproj", "{ADC00CB9-14C0-4EA7-BACC-7BD64E5836CB}"
EndProject
Project("{FAE04EC0-301F-11D3-BF4B-00C04F79EFBC}") = "EasyToUseGeneratorTests", "EasyToUseGeneratorTests\EasyToUseGeneratorTests.csproj", "{5D651872-18CA-46C2-BA91-72D0DDBEB7FA}"
EndProject
Global
	GlobalSection(SolutionConfigurationPlatforms) = preSolution
		Debug|Any CPU = Debug|Any CPU
		Release|Any CPU = Release|Any CPU
	EndGlobalSection
	GlobalSection(ProjectConfigurationPlatforms) = postSolution
		{FD4FD15E-C841-4F45-A37C-621FE1AF95C7}.Debug|Any CPU.ActiveCfg = Debug|Any CPU
		{FD4FD15E-C841-4F45-A37C-621FE1AF95C7}.Debug|Any CPU.Build.0 = Debug|Any CPU
		{FD4FD15E-C841-4F45-A37C-621FE1AF95C7}.Release|Any CPU.ActiveCfg = Release|Any CPU
		{FD4FD15E-C841-4F45-A37C-621FE1AF95C7}.Release|Any CPU.Build.0 = Release|Any CPU
		{2981602B-7CA8-4180-A2EE-17B7004C1C7C}.Debug|Any CPU.ActiveCfg = Debug|Any CPU
		{2981602B-7CA8-4180-A2EE-17B7004C1C7C}.Debug|Any CPU.Build.0 = Debug|Any CPU
		{2981602B-7CA8-4180-A2EE-17B7004C1C7C}.Release|Any CPU.ActiveCfg = Release|Any CPU
		{2981602B-7CA8-4180-A2EE-17B7004C1C7C}.Release|Any CPU.Build.0 = Release|Any CPU
		{E2567FCA-C76B-4CB6-B784-069512E0DFE3}.Debug|Any CPU.ActiveCfg = Debug|Any CPU
		{E2567FCA-C76B-4CB6-B784-069512E0DFE3}.Debug|Any CPU.Build.0 = Debug|Any CPU
		{E2567FCA-C76B-4CB6-B784-069512E0DFE3}.Release|Any CPU.ActiveCfg = Release|Any CPU
		{E2567FCA-C76B-4CB6-B784-069512E0DFE3}.Release|Any CPU.Build.0 = Release|Any CPU
		{CE8AAF96-2BBC-41B1-95AF-D8F276D0930A}.Debug|Any CPU.ActiveCfg = Debug|Any CPU
		{CE8AAF96-2BBC-41B1-95AF-D8F276D0930A}.Debug|Any CPU.Build.0 = Debug|Any CPU
		{CE8AAF96-2BBC-41B1-95AF-D8F276D0930A}.Release|Any CPU.ActiveCfg = Release|Any CPU
		{CE8AAF96-2BBC-41B1-95AF-D8F276D0930A}.Release|Any CPU.Build.0 = Release|Any CPU
		{C5E7BB9B-33E6-4EF8-8428-039B0B44B122}.Debug|Any CPU.ActiveCfg = Debug|Any CPU
		{C5E7BB9B-33E6-4EF8-8428-039B0B44B122}.Debug|Any CPU.Build.0 = Debug|Any CPU
		{C5E7BB9B-33E6-4EF8-8428-039B0B44B122}.Release|Any CPU.ActiveCfg = Release|Any CPU
		{C5E7BB9B-33E6-4EF8-8428-039B0B44B122}.Release|Any CPU.Build.0 = Release|Any CPU
		{9070C6E0-1A41-4EF7-AE88-55A745BC243A}.Debug|Any CPU.ActiveCfg = Debug|Any CPU
		{9070C6E0-1A41-4EF7-AE88-55A745BC243A}.Debug|Any CPU.Build.0 = Debug|Any CPU
		{9070C6E0-1A41-4EF7-AE88-55A745BC243A}.Release|Any CPU.ActiveCfg = Release|Any CPU
		{9070C6E0-1A41-4EF7-AE88-55A745BC243A}.Release|Any CPU.Build.0 = Release|Any CPU
		{B4D68CDC-DD3D-476C-A855-EE387568AA32}.Debug|Any CPU.ActiveCfg = Debug|Any CPU
		{B4D68CDC-DD3D-476C-A855-EE387568AA32}.Debug|Any CPU.Build.0 = Debug|Any CPU
		{B4D68CDC-DD3D-476C-A855-EE387568AA32}.Release|Any CPU.ActiveCfg = Release|Any CPU
		{B4D68CDC-DD3D-476C-A855-EE387568AA32}.Release|Any CPU.Build.0 = Release|Any CPU
		{ADC00CB9-14C0-4EA7-BACC-7BD64E5836CB}.Debug|Any CPU.ActiveCfg = Debug|Any CPU
		{ADC00CB9-14C0-4EA7-BACC-7BD64E5836CB}.Debug|Any CPU.Build.0 = Debug|Any CPU
		{ADC00CB9-14C0-4EA7-BACC-7BD64E5836CB}.Release|Any CPU.ActiveCfg = Release|Any CPU
		{ADC00CB9-14C0-4EA7-BACC-7BD64E5836CB}.Release|Any CPU.Build.0 = Release|Any CPU
		{5D651872-18CA-46C2-BA91-72D0DDBEB7FA}.Debug|Any CPU.ActiveCfg = Debug|Any CPU
		{5D651872-18CA-46C2-BA91-72D0DDBEB7FA}.Debug|Any CPU.Build.0 = Debug|Any CPU
		{5D651872-18CA-46C2-BA91-72D0DDBEB7FA}.Release|Any CPU.ActiveCfg = Release|Any CPU
		{5D651872-18CA-46C2-BA91-72D0DDBEB7FA}.Release|Any CPU.Build.0 = Release|Any CPU
	EndGlobalSection
	GlobalSection(SolutionProperties) = preSolution
		HideSolutionNode = FALSE
	EndGlobalSection
	GlobalSection(NestedProjects) = preSolution
		{FD4FD15E-C841-4F45-A37C-621FE1AF95C7} = {D9B76D5E-9075-4AF2-802A-E6AEA290C4E3}
		{2981602B-7CA8-4180-A2EE-17B7004C1C7C} = {D9B76D5E-9075-4AF2-802A-E6AEA290C4E3}
		{E2567FCA-C76B-4CB6-B784-069512E0DFE3} = {050BD34D-2BB0-49AE-B895-3FC8650BDAB9}
		{CE8AAF96-2BBC-41B1-95AF-D8F276D0930A} = {050BD34D-2BB0-49AE-B895-3FC8650BDAB9}
		{C5E7BB9B-33E6-4EF8-8428-039B0B44B122} = {050BD34D-2BB0-49AE-B895-3FC8650BDAB9}
		{9070C6E0-1A41-4EF7-AE88-55A745BC243A} = {D9B76D5E-9075-4AF2-802A-E6AEA290C4E3}
		{B4D68CDC-DD3D-476C-A855-EE387568AA32} = {D9B76D5E-9075-4AF2-802A-E6AEA290C4E3}
		{ADC00CB9-14C0-4EA7-BACC-7BD64E5836CB} = {050BD34D-2BB0-49AE-B895-3FC8650BDAB9}
		{5D651872-18CA-46C2-BA91-72D0DDBEB7FA} = {050BD34D-2BB0-49AE-B895-3FC8650BDAB9}
	EndGlobalSection
	GlobalSection(ExtensibilityGlobals) = postSolution
		SolutionGuid = {0888D024-AE6D-4472-8511-9EB931360D9C}
	EndGlobalSection
EndGlobal
